
Microsoft Visual Studio Solution File, Format Version 12.00
# Visual Studio Version 17
VisualStudioVersion = 17.2.32526.322
MinimumVisualStudioVersion = 10.0.40219.1
Project("{FAE04EC0-301F-11D3-BF4B-00C04F79EFBC}") = "BulkyBookNew", "BulkyBookNew.csproj", "{1422111C-51BD-4198-831A-3A4D68B03890}"
EndProject
Global
	GlobalSection(SolutionConfigurationPlatforms) = preSolution
		Debug|Any CPU = Debug|Any CPU
		Release|Any CPU = Release|Any CPU
	EndGlobalSection
	GlobalSection(ProjectConfigurationPlatforms) = postSolution
		{1422111C-51BD-4198-831A-3A4D68B03890}.Debug|Any CPU.ActiveCfg = Debug|Any CPU
		{1422111C-51BD-4198-831A-3A4D68B03890}.Debug|Any CPU.Build.0 = Debug|Any CPU
		{1422111C-51BD-4198-831A-3A4D68B03890}.Release|Any CPU.ActiveCfg = Release|Any CPU
		{1422111C-51BD-4198-831A-3A4D68B03890}.Release|Any CPU.Build.0 = Release|Any CPU
	EndGlobalSection
	GlobalSection(SolutionProperties) = preSolution
		HideSolutionNode = FALSE
	EndGlobalSection
	GlobalSection(ExtensibilityGlobals) = postSolution
		SolutionGuid = {05FD9F46-9D20-4D3A-8A0E-A46C2CEE302A}
	EndGlobalSection
EndGlobal
